
Microsoft Visual Studio Solution File, Format Version 12.00
# Visual Studio Version 17
VisualStudioVersion = 17.2.32526.322
MinimumVisualStudioVersion = 10.0.40219.1
Project("{FAE04EC0-301F-11D3-BF4B-00C04F79EFBC}") = "EnkodevCore", "EnkodevCore.csproj", "{FAB3D959-B963-4B90-ACC8-71ED05FEF38D}"
EndProject
Global
	GlobalSection(SolutionConfigurationPlatforms) = preSolution
		Debug|Any CPU = Debug|Any CPU
		Release|Any CPU = Release|Any CPU
	EndGlobalSection
	GlobalSection(ProjectConfigurationPlatforms) = postSolution
		{FAB3D959-B963-4B90-ACC8-71ED05FEF38D}.Debug|Any CPU.ActiveCfg = Debug|Any CPU
		{FAB3D959-B963-4B90-ACC8-71ED05FEF38D}.Debug|Any CPU.Build.0 = Debug|Any CPU
		{FAB3D959-B963-4B90-ACC8-71ED05FEF38D}.Release|Any CPU.ActiveCfg = Release|Any CPU
		{FAB3D959-B963-4B90-ACC8-71ED05FEF38D}.Release|Any CPU.Build.0 = Release|Any CPU
	EndGlobalSection
	GlobalSection(SolutionProperties) = preSolution
		HideSolutionNode = FALSE
	EndGlobalSection
	GlobalSection(ExtensibilityGlobals) = postSolution
		SolutionGuid = {98FAA5B3-EEB3-4F50-BE49-D472A34E0815}
	EndGlobalSection
EndGlobal
